
Microsoft Visual Studio Solution File, Format Version 12.00
# Visual Studio Version 17
VisualStudioVersion = 17.0.31903.59
MinimumVisualStudioVersion = 10.0.40219.1
Project("{9A19103F-16F7-4668-BE54-9A1E7A4F7556}") = "1800Island", "1800Island\1800Island.csproj", "{A9B51399-6E31-4631-A8D8-4342E73050F5}"
EndProject
Global
	GlobalSection(SolutionConfigurationPlatforms) = preSolution
		Debug|Any CPU = Debug|Any CPU
		Release|Any CPU = Release|Any CPU
	EndGlobalSection
	GlobalSection(ProjectConfigurationPlatforms) = postSolution
		{A9B51399-6E31-4631-A8D8-4342E73050F5}.Debug|Any CPU.ActiveCfg = Debug|Any CPU
		{A9B51399-6E31-4631-A8D8-4342E73050F5}.Debug|Any CPU.Build.0 = Debug|Any CPU
		{A9B51399-6E31-4631-A8D8-4342E73050F5}.Release|Any CPU.ActiveCfg = Release|Any CPU
		{A9B51399-6E31-4631-A8D8-4342E73050F5}.Release|Any CPU.Build.0 = Release|Any CPU
	EndGlobalSection
	GlobalSection(SolutionProperties) = preSolution
		HideSolutionNode = FALSE
	EndGlobalSection
	GlobalSection(ExtensibilityGlobals) = postSolution
		SolutionGuid = {D45E4B2A-E417-4638-9D32-6FD66F7F7576}
	EndGlobalSection
EndGlobal
